<?xml version="1.0" encoding="utf-8"?>
<Project ToolsVersion="4.0" xmlns="http://schemas.microsoft.com/developer/msbuild/2003">
  <ItemGroup>
    <Filter Include="Pliki źródłowe">
      <UniqueIdentifier>{4FC737F1-C7A5-4376-A066-2A32D752A2FF}</UniqueIdentifier>
      <Extensions>cpp;c;cc;cxx;c++;cppm;ixx;def;odl;idl;hpj;bat;asm;asmx</Extensions>
    </Filter>
    <Filter Include="Pliki nagłówkowe">
      <UniqueIdentifier>{93995380-89BD-4b04-88EB-625FBE52EBFB}</UniqueIdentifier>
      <Extensions>h;hh;hpp;hxx;h++;hm;inl;inc;ipp;xsd</Extensions>
    </Filter>
    <Filter Include="Pliki zasobów">
      <UniqueIdentifier>{67DA6AB6-F800-4c08-8B7A-83BB121AAD01}</UniqueIdentifier>
      <Extensions>rc;ico;cur;bmp;dlg;rc2;rct;bin;rgs;gif;jpg;jpeg;jpe;resx;tiff;tif;png;wav;mfcribbon-ms</Extensions>
    </Filter>
    <Filter Include="Pliki źródłowe\BufferObjects">
      <UniqueIdentifier>{f793fb75-bfff-43f0-b340-7bca5feeb694}</UniqueIdentifier>
    </Filter>
    <Filter Include="Pliki źródłowe\Kamera">
      <UniqueIdentifier>{5f923d22-d27d-4dad-8c41-93bc3f867540}</UniqueIdentifier>
    </Filter>
    <Filter Include="Pliki źródłowe\ShadeText">
      <UniqueIdentifier>{481a4d7d-12d0-40c1-9909-e867af490b3a}</UniqueIdentifier>
    </Filter>
    <Filter Include="Pliki źródłowe\LibFiles">
      <UniqueIdentifier>{ef2be5e6-5879-42d1-bdf5-02bce21c5ad4}</UniqueIdentifier>
    </Filter>
  </ItemGroup>
  <ItemGroup>
    <ClCompile Include="SOURCE.cpp">
      <Filter>Pliki źródłowe</Filter>
    </ClCompile>
    <ClCompile Include="VAO.cpp">
      <Filter>Pliki źródłowe\BufferObjects</Filter>
    </ClCompile>
    <ClCompile Include="VBO.cpp">
      <Filter>Pliki źródłowe\BufferObjects</Filter>
    </ClCompile>
    <ClCompile Include="Texture.cpp">
      <Filter>Pliki źródłowe\ShadeText</Filter>
    </ClCompile>
    <ClCompile Include="Camera.cpp">
      <Filter>Pliki źródłowe\Kamera</Filter>
    </ClCompile>
    <ClCompile Include="stb.cpp">
      <Filter>Pliki źródłowe\LibFiles</Filter>
    </ClCompile>
    <ClCompile Include="glad.c">
      <Filter>Pliki źródłowe\LibFiles</Filter>
    </ClCompile>
    <ClCompile Include="ShaderClass.cpp">
      <Filter>Pliki źródłowe\ShadeText</Filter>
    </ClCompile>
    <ClCompile Include="EBO.cpp">
      <Filter>Pliki źródłowe\BufferObjects</Filter>
    </ClCompile>
  </ItemGroup>
  <ItemGroup>
    <ClInclude Include="VBO.h">
      <Filter>Pliki źródłowe\BufferObjects</Filter>
    </ClInclude>
    <ClInclude Include="VAO.h">
      <Filter>Pliki źródłowe\BufferObjects</Filter>
    </ClInclude>
    <ClInclude Include="Texture.h">
      <Filter>Pliki źródłowe\ShadeText</Filter>
    </ClInclude>
    <ClInclude Include="Camera.h">
      <Filter>Pliki źródłowe\Kamera</Filter>
    </ClInclude>
    <ClInclude Include="ShaderClass.h">
      <Filter>Pliki źródłowe\ShadeText</Filter>
    </ClInclude>
    <ClInclude Include="EBO.h">
      <Filter>Pliki źródłowe\BufferObjects</Filter>
    </ClInclude>
  </ItemGroup>
  <ItemGroup>
    <None Include="default.vert">
      <Filter>Pliki źródłowe\ShadeText</Filter>
    </None>
    <None Include="default.frag">
      <Filter>Pliki źródłowe\ShadeText</Filter>
    </None>
    <None Include="light.frag">
      <Filter>Pliki źródłowe\ShadeText</Filter>
    </None>
    <None Include="light.vert">
      <Filter>Pliki źródłowe\ShadeText</Filter>
    </None>
  </ItemGroup>
</Project>